
Microsoft Visual Studio Solution File, Format Version 12.00
# Visual Studio Version 17
VisualStudioVersion = 17.5.33502.453
MinimumVisualStudioVersion = 10.0.40219.1
Project("{FAE04EC0-301F-11D3-BF4B-00C04F79EFBC}") = "Graph", "Graph\Graph.csproj", "{8060F644-B630-4328-B4EB-A670312B0F00}"
EndProject
Global
	GlobalSection(SolutionConfigurationPlatforms) = preSolution
		Debug|Any CPU = Debug|Any CPU
		Release|Any CPU = Release|Any CPU
	EndGlobalSection
	GlobalSection(ProjectConfigurationPlatforms) = postSolution
		{8060F644-B630-4328-B4EB-A670312B0F00}.Debug|Any CPU.ActiveCfg = Debug|Any CPU
		{8060F644-B630-4328-B4EB-A670312B0F00}.Debug|Any CPU.Build.0 = Debug|Any CPU
		{8060F644-B630-4328-B4EB-A670312B0F00}.Release|Any CPU.ActiveCfg = Release|Any CPU
		{8060F644-B630-4328-B4EB-A670312B0F00}.Release|Any CPU.Build.0 = Release|Any CPU
	EndGlobalSection
	GlobalSection(SolutionProperties) = preSolution
		HideSolutionNode = FALSE
	EndGlobalSection
	GlobalSection(ExtensibilityGlobals) = postSolution
		SolutionGuid = {3E133A91-A58C-4D5C-A225-81F3364C5AC4}
	EndGlobalSection
EndGlobal
